
Microsoft Visual Studio Solution File, Format Version 12.00
# Visual Studio Version 17
VisualStudioVersion = 17.3.32811.315
MinimumVisualStudioVersion = 10.0.40219.1
Project("{9A19103F-16F7-4668-BE54-9A1E7A4F7556}") = "Monxterz.SquadRpg.BlazorClient", "Monxterz.SquadRpg.BlazorClient\Monxterz.SquadRpg.BlazorClient.csproj", "{A30579B0-D3D8-4D0E-A166-A53F1BA90BC7}"
EndProject
Project("{9A19103F-16F7-4668-BE54-9A1E7A4F7556}") = "Monxterz.SquadRpg.GameClient", "Monxterz.SquadRpg.GameClient\Monxterz.SquadRpg.GameClient.csproj", "{CEE7FA95-D6D4-4F88-8D7E-8BD6A1449E47}"
EndProject
Global
	GlobalSection(SolutionConfigurationPlatforms) = preSolution
		Debug|Any CPU = Debug|Any CPU
		Release|Any CPU = Release|Any CPU
	EndGlobalSection
	GlobalSection(ProjectConfigurationPlatforms) = postSolution
		{A30579B0-D3D8-4D0E-A166-A53F1BA90BC7}.Debug|Any CPU.ActiveCfg = Debug|Any CPU
		{A30579B0-D3D8-4D0E-A166-A53F1BA90BC7}.Debug|Any CPU.Build.0 = Debug|Any CPU
		{A30579B0-D3D8-4D0E-A166-A53F1BA90BC7}.Release|Any CPU.ActiveCfg = Release|Any CPU
		{A30579B0-D3D8-4D0E-A166-A53F1BA90BC7}.Release|Any CPU.Build.0 = Release|Any CPU
		{CEE7FA95-D6D4-4F88-8D7E-8BD6A1449E47}.Debug|Any CPU.ActiveCfg = Debug|Any CPU
		{CEE7FA95-D6D4-4F88-8D7E-8BD6A1449E47}.Debug|Any CPU.Build.0 = Debug|Any CPU
		{CEE7FA95-D6D4-4F88-8D7E-8BD6A1449E47}.Release|Any CPU.ActiveCfg = Release|Any CPU
		{CEE7FA95-D6D4-4F88-8D7E-8BD6A1449E47}.Release|Any CPU.Build.0 = Release|Any CPU
	EndGlobalSection
	GlobalSection(SolutionProperties) = preSolution
		HideSolutionNode = FALSE
	EndGlobalSection
	GlobalSection(ExtensibilityGlobals) = postSolution
		SolutionGuid = {00521471-85B5-40D7-B3A2-3C7D32DB79C0}
	EndGlobalSection
EndGlobal
